
Microsoft Visual Studio Solution File, Format Version 12.00
# Visual Studio Version 17
VisualStudioVersion = 17.11.35303.130
MinimumVisualStudioVersion = 10.0.40219.1
Project("{FAE04EC0-301F-11D3-BF4B-00C04F79EFBC}") = "DelenTryCatch", "DelenTryCatch\DelenTryCatch.csproj", "{47E52DDC-E9CC-4B7C-A265-42C91F7B94AA}"
EndProject
Global
	GlobalSection(SolutionConfigurationPlatforms) = preSolution
		Debug|Any CPU = Debug|Any CPU
		Release|Any CPU = Release|Any CPU
	EndGlobalSection
	GlobalSection(ProjectConfigurationPlatforms) = postSolution
		{47E52DDC-E9CC-4B7C-A265-42C91F7B94AA}.Debug|Any CPU.ActiveCfg = Debug|Any CPU
		{47E52DDC-E9CC-4B7C-A265-42C91F7B94AA}.Debug|Any CPU.Build.0 = Debug|Any CPU
		{47E52DDC-E9CC-4B7C-A265-42C91F7B94AA}.Release|Any CPU.ActiveCfg = Release|Any CPU
		{47E52DDC-E9CC-4B7C-A265-42C91F7B94AA}.Release|Any CPU.Build.0 = Release|Any CPU
	EndGlobalSection
	GlobalSection(SolutionProperties) = preSolution
		HideSolutionNode = FALSE
	EndGlobalSection
	GlobalSection(ExtensibilityGlobals) = postSolution
		SolutionGuid = {A7612490-108A-4621-82F1-B58B8EBCE420}
	EndGlobalSection
EndGlobal
